{
  "name": "world-pulse",
  "version": "1.0.0",
  "lockfileVersion": 3,
  "requires": true,
  "packages": {
    "": {
      "name": "world-pulse",
      "version": "1.0.0",
      "dependencies": {
        "world-countries": "5.1.0"
      },
      "engines": {
        "node": ">=22"
      }
    },
    "node_modules/world-countries": {
      "version": "5.1.0",
      "resolved": "https://registry.npmjs.org/world-countries/-/world-countries-5.1.0.tgz",
      "integrity": "sha512-CXR6EBvTbArDlDDIWU3gfKb7Qk0ck2WNZ234b/A0vuecPzIfzzxH+O6Ejnvg1sT8XuiZjVlzOH0h08ZtaO7g0w=="
    }
  }
}
